// !$*UTF8*$!
{
	archiveVersion = 1;
	classes = {
	};
	objectVersion = 50;
	objects = {

/* Begin PBXBuildFile section */
		31B4ACE126237DBA00718C0C /* Slumber_v2App.swift in Sources */ = {isa = PBXBuildFile; fileRef = 31B4ACE026237DBA00718C0C /* Slumber_v2App.swift */; };
		31B4ACE326237DBA00718C0C /* ContentView.swift in Sources */ = {isa = PBXBuildFile; fileRef = 31B4ACE226237DBA00718C0C /* ContentView.swift */; };
		31B4ACE526237DBB00718C0C /* Assets.xcassets in Resources */ = {isa = PBXBuildFile; fileRef = 31B4ACE426237DBB00718C0C /* Assets.xcassets */; };
		31B4ACE826237DBB00718C0C /* Preview Assets.xcassets in Resources */ = {isa = PBXBuildFile; fileRef = 31B4ACE726237DBB00718C0C /* Preview Assets.xcassets */; };
		31B4ACEA26237DBB00718C0C /* Persistence.swift in Sources */ = {isa = PBXBuildFile; fileRef = 31B4ACE926237DBB00718C0C /* Persistence.swift */; };
		31B4ACED26237DBB00718C0C /* Slumber_v2.xcdatamodeld in Sources */ = {isa = PBXBuildFile; fileRef = 31B4ACEB26237DBB00718C0C /* Slumber_v2.xcdatamodeld */; };
		31B4ACF826237DBB00718C0C /* Slumber_v2Tests.swift in Sources */ = {isa = PBXBuildFile; fileRef = 31B4ACF726237DBB00718C0C /* Slumber_v2Tests.swift */; };
		31B4AD0326237DBB00718C0C /* Slumber_v2UITests.swift in Sources */ = {isa = PBXBuildFile; fileRef = 31B4AD0226237DBB00718C0C /* Slumber_v2UITests.swift */; };
/* End PBXBuildFile section */

/* Begin PBXContainerItemProxy section */
		31B4ACF426237DBB00718C0C /* PBXContainerItemProxy */ = {
			isa = PBXContainerItemProxy;
			containerPortal = 31B4ACD526237DBA00718C0C /* Project object */;
			proxyType = 1;
			remoteGlobalIDString = 31B4ACDC26237DBA00718C0C;
			remoteInfo = Slumber_v2;
		};
		31B4ACFF26237DBB00718C0C /* PBXContainerItemProxy */ = {
			isa = PBXContainerItemProxy;
			containerPortal = 31B4ACD526237DBA00718C0C /* Project object */;
			proxyType = 1;
			remoteGlobalIDString = 31B4ACDC26237DBA00718C0C;
			remoteInfo = Slumber_v2;
		};
/* End PBXContainerItemProxy section */

/* Begin PBXFileReference section */
		31B4ACDD26237DBA00718C0C /* Slumber_v2.app */ = {isa = PBXFileReference; explicitFileType = wrapper.application; includeInIndex = 0; path = Slumber_v2.app; sourceTree = BUILT_PRODUCTS_DIR; };
		31B4ACE026237DBA00718C0C /* Slumber_v2App.swift */ = {isa = PBXFileReference; lastKnownFileType = sourcecode.swift; path = Slumber_v2App.swift; sourceTree = "<group>"; };
		31B4ACE226237DBA00718C0C /* ContentView.swift */ = {isa = PBXFileReference; lastKnownFileType = sourcecode.swift; path = ContentView.swift; sourceTree = "<group>"; };
		31B4ACE426237DBB00718C0C /* Assets.xcassets */ = {isa = PBXFileReference; lastKnownFileType = folder.assetcatalog; path = Assets.xcassets; sourceTree = "<group>"; };
		31B4ACE726237DBB00718C0C /* Preview Assets.xcassets */ = {isa = PBXFileReference; lastKnownFileType = folder.assetcatalog; path = "Preview Assets.xcassets"; sourceTree = "<group>"; };
		31B4ACE926237DBB00718C0C /* Persistence.swift */ = {isa = PBXFileReference; lastKnownFileType = sourcecode.swift; path = Persistence.swift; sourceTree = "<group>"; };
		31B4ACEC26237DBB00718C0C /* Slumber_v2.xcdatamodel */ = {isa = PBXFileReference; lastKnownFileType = wrapper.xcdatamodel; path = Slumber_v2.xcdatamodel; sourceTree = "<group>"; };
		31B4ACEE26237DBB00718C0C /* Info.plist */ = {isa = PBXFileReference; lastKnownFileType = text.plist.xml; path = Info.plist; sourceTree = "<group>"; };
		31B4ACF326237DBB00718C0C /* Slumber_v2Tests.xctest */ = {isa = PBXFileReference; explicitFileType = wrapper.cfbundle; includeInIndex = 0; path = Slumber_v2Tests.xctest; sourceTree = BUILT_PRODUCTS_DIR; };
		31B4ACF726237DBB00718C0C /* Slumber_v2Tests.swift */ = {isa = PBXFileReference; lastKnownFileType = sourcecode.swift; path = Slumber_v2Tests.swift; sourceTree = "<group>"; };
		31B4ACF926237DBB00718C0C /* Info.plist */ = {isa = PBXFileReference; lastKnownFileType = text.plist.xml; path = Info.plist; sourceTree = "<group>"; };
		31B4ACFE26237DBB00718C0C /* Slumber_v2UITests.xctest */ = {isa = PBXFileReference; explicitFileType = wrapper.cfbundle; includeInIndex = 0; path = Slumber_v2UITests.xctest; sourceTree = BUILT_PRODUCTS_DIR; };
		31B4AD0226237DBB00718C0C /* Slumber_v2UITests.swift */ = {isa = PBXFileReference; lastKnownFileType = sourcecode.swift; path = Slumber_v2UITests.swift; sourceTree = "<group>"; };
		31B4AD0426237DBB00718C0C /* Info.plist */ = {isa = PBXFileReference; lastKnownFileType = text.plist.xml; path = Info.plist; sourceTree = "<group>"; };
/* End PBXFileReference section */

/* Begin PBXFrameworksBuildPhase section */
		31B4ACDA26237DBA00718C0C /* Frameworks */ = {
			isa = PBXFrameworksBuildPhase;
			buildActionMask = 2147483647;
			files = (
			);
			runOnlyForDeploymentPostprocessing = 0;
		};
		31B4ACF026237DBB00718C0C /* Frameworks */ = {
			isa = PBXFrameworksBuildPhase;
			buildActionMask = 2147483647;
			files = (
			);
			runOnlyForDeploymentPostprocessing = 0;
		};
		31B4ACFB26237DBB00718C0C /* Frameworks */ = {
			isa = PBXFrameworksBuildPhase;
			buildActionMask = 2147483647;
			files = (
			);
			runOnlyForDeploymentPostprocessing = 0;
		};
/* End PBXFrameworksBuildPhase section */

/* Begin PBXGroup section */
		31B4ACD426237DBA00718C0C = {
			isa = PBXGroup;
			children = (
				31B4ACDF26237DBA00718C0C /* Slumber_v2 */,
				31B4ACF626237DBB00718C0C /* Slumber_v2Tests */,
				31B4AD0126237DBB00718C0C /* Slumber_v2UITests */,
				31B4ACDE26237DBA00718C0C /* Products */,
			);
			sourceTree = "<group>";
		};
		31B4ACDE26237DBA00718C0C /* Products */ = {
			isa = PBXGroup;
			children = (
				31B4ACDD26237DBA00718C0C /* Slumber_v2.app */,
				31B4ACF326237DBB00718C0C /* Slumber_v2Tests.xctest */,
				31B4ACFE26237DBB00718C0C /* Slumber_v2UITests.xctest */,
			);
			name = Products;
			sourceTree = "<group>";
		};
		31B4ACDF26237DBA00718C0C /* Slumber_v2 */ = {
			isa = PBXGroup;
			children = (
				31B4ACE026237DBA00718C0C /* Slumber_v2App.swift */,
				31B4ACE226237DBA00718C0C /* ContentView.swift */,
				31B4ACE426237DBB00718C0C /* Assets.xcassets */,
				31B4ACE926237DBB00718C0C /* Persistence.swift */,
				31B4ACEE26237DBB00718C0C /* Info.plist */,
				31B4ACEB26237DBB00718C0C /* Slumber_v2.xcdatamodeld */,
				31B4ACE626237DBB00718C0C /* Preview Content */,
			);
			path = Slumber_v2;
			sourceTree = "<group>";
		};
		31B4ACE626237DBB00718C0C /* Preview Content */ = {
			isa = PBXGroup;
			children = (
				31B4ACE726237DBB00718C0C /* Preview Assets.xcassets */,
			);
			path = "Preview Content";
			sourceTree = "<group>";
		};
		31B4ACF626237DBB00718C0C /* Slumber_v2Tests */ = {
			isa = PBXGroup;
			children = (
				31B4ACF726237DBB00718C0C /* Slumber_v2Tests.swift */,
				31B4ACF926237DBB00718C0C /* Info.plist */,
			);
			path = Slumber_v2Tests;
			sourceTree = "<group>";
		};
		31B4AD0126237DBB00718C0C /* Slumber_v2UITests */ = {
			isa = PBXGroup;
			children = (
				31B4AD0226237DBB00718C0C /* Slumber_v2UITests.swift */,
				31B4AD0426237DBB00718C0C /* Info.plist */,
			);
			path = Slumber_v2UITests;
			sourceTree = "<group>";
		};
/* End PBXGroup section */

/* Begin PBXNativeTarget section */
		31B4ACDC26237DBA00718C0C /* Slumber_v2 */ = {
			isa = PBXNativeTarget;
			buildConfigurationList = 31B4AD0726237DBB00718C0C /* Build configuration list for PBXNativeTarget "Slumber_v2" */;
			buildPhases = (
				31B4ACD926237DBA00718C0C /* Sources */,
				31B4ACDA26237DBA00718C0C /* Frameworks */,
				31B4ACDB26237DBA00718C0C /* Resources */,
			);
			buildRules = (
			);
			dependencies = (
			);
			name = Slumber_v2;
			productName = Slumber_v2;
			productReference = 31B4ACDD26237DBA00718C0C /* Slumber_v2.app */;
			productType = "com.apple.product-type.application";
		};
		31B4ACF226237DBB00718C0C /* Slumber_v2Tests */ = {
			isa = PBXNativeTarget;
			buildConfigurationList = 31B4AD0A26237DBB00718C0C /* Build configuration list for PBXNativeTarget "Slumber_v2Tests" */;
			buildPhases = (
				31B4ACEF26237DBB00718C0C /* Sources */,
				31B4ACF026237DBB00718C0C /* Frameworks */,
				31B4ACF126237DBB00718C0C /* Resources */,
			);
			buildRules = (
			);
			dependencies = (
				31B4ACF526237DBB00718C0C /* PBXTargetDependency */,
			);
			name = Slumber_v2Tests;
			productName = Slumber_v2Tests;
			productReference = 31B4ACF326237DBB00718C0C /* Slumber_v2Tests.xctest */;
			productType = "com.apple.product-type.bundle.unit-test";
		};
		31B4ACFD26237DBB00718C0C /* Slumber_v2UITests */ = {
			isa = PBXNativeTarget;
			buildConfigurationList = 31B4AD0D26237DBB00718C0C /* Build configuration list for PBXNativeTarget "Slumber_v2UITests" */;
			buildPhases = (
				31B4ACFA26237DBB00718C0C /* Sources */,
				31B4ACFB26237DBB00718C0C /* Frameworks */,
				31B4ACFC26237DBB00718C0C /* Resources */,
			);
			buildRules = (
			);
			dependencies = (
				31B4AD0026237DBB00718C0C /* PBXTargetDependency */,
			);
			name = Slumber_v2UITests;
			productName = Slumber_v2UITests;
			productReference = 31B4ACFE26237DBB00718C0C /* Slumber_v2UITests.xctest */;
			productType = "com.apple.product-type.bundle.ui-testing";
		};
/* End PBXNativeTarget section */

/* Begin PBXProject section */
		31B4ACD526237DBA00718C0C /* Project object */ = {
			isa = PBXProject;
			attributes = {
				LastSwiftUpdateCheck = 1240;
				LastUpgradeCheck = 1240;
				TargetAttributes = {
					31B4ACDC26237DBA00718C0C = {
						CreatedOnToolsVersion = 12.4;
					};
					31B4ACF226237DBB00718C0C = {
						CreatedOnToolsVersion = 12.4;
						TestTargetID = 31B4ACDC26237DBA00718C0C;
					};
					31B4ACFD26237DBB00718C0C = {
						CreatedOnToolsVersion = 12.4;
						TestTargetID = 31B4ACDC26237DBA00718C0C;
					};
				};
			};
			buildConfigurationList = 31B4ACD826237DBA00718C0C /* Build configuration list for PBXProject "Slumber_v2" */;
			compatibilityVersion = "Xcode 9.3";
			developmentRegion = en;
			hasScannedForEncodings = 0;
			knownRegions = (
				en,
				Base,
			);
			mainGroup = 31B4ACD426237DBA00718C0C;
			productRefGroup = 31B4ACDE26237DBA00718C0C /* Products */;
			projectDirPath = "";
			projectRoot = "";
			targets = (
				31B4ACDC26237DBA00718C0C /* Slumber_v2 */,
				31B4ACF226237DBB00718C0C /* Slumber_v2Tests */,
				31B4ACFD26237DBB00718C0C /* Slumber_v2UITests */,
			);
		};
/* End PBXProject section */

/* Begin PBXResourcesBuildPhase section */
		31B4ACDB26237DBA00718C0C /* Resources */ = {
			isa = PBXResourcesBuildPhase;
			buildActionMask = 2147483647;
			files = (
				31B4ACE826237DBB00718C0C /* Preview Assets.xcassets in Resources */,
				31B4ACE526237DBB00718C0C /* Assets.xcassets in Resources */,
			);
			runOnlyForDeploymentPostprocessing = 0;
		};
		31B4ACF126237DBB00718C0C /* Resources */ = {
			isa = PBXResourcesBuildPhase;
			buildActionMask = 2147483647;
			files = (
			);
			runOnlyForDeploymentPostprocessing = 0;
		};
		31B4ACFC26237DBB00718C0C /* Resources */ = {
			isa = PBXResourcesBuildPhase;
			buildActionMask = 2147483647;
			files = (
			);
			runOnlyForDeploymentPostprocessing = 0;
		};
/* End PBXResourcesBuildPhase section */

/* Begin PBXSourcesBuildPhase section */
		31B4ACD926237DBA00718C0C /* Sources */ = {
			isa = PBXSourcesBuildPhase;
			buildActionMask = 2147483647;
			files = (
				31B4ACED26237DBB00718C0C /* Slumber_v2.xcdatamodeld in Sources */,
				31B4ACEA26237DBB00718C0C /* Persistence.swift in Sources */,
				31B4ACE326237DBA00718C0C /* ContentView.swift in Sources */,
				31B4ACE126237DBA00718C0C /* Slumber_v2App.swift in Sources */,
			);
			runOnlyForDeploymentPostprocessing = 0;
		};
		31B4ACEF26237DBB00718C0C /* Sources */ = {
			isa = PBXSourcesBuildPhase;
			buildActionMask = 2147483647;
			files = (
				31B4ACF826237DBB00718C0C /* Slumber_v2Tests.swift in Sources */,
			);
			runOnlyForDeploymentPostprocessing = 0;
		};
		31B4ACFA26237DBB00718C0C /* Sources */ = {
			isa = PBXSourcesBuildPhase;
			buildActionMask = 2147483647;
			files = (
				31B4AD0326237DBB00718C0C /* Slumber_v2UITests.swift in Sources */,
			);
			runOnlyForDeploymentPostprocessing = 0;
		};
/* End PBXSourcesBuildPhase section */

/* Begin PBXTargetDependency section */
		31B4ACF526237DBB00718C0C /* PBXTargetDependency */ = {
			isa = PBXTargetDependency;
			target = 31B4ACDC26237DBA00718C0C /* Slumber_v2 */;
			targetProxy = 31B4ACF426237DBB00718C0C /* PBXContainerItemProxy */;
		};
		31B4AD0026237DBB00718C0C /* PBXTargetDependency */ = {
			isa = PBXTargetDependency;
			target = 31B4ACDC26237DBA00718C0C /* Slumber_v2 */;
			targetProxy = 31B4ACFF26237DBB00718C0C /* PBXContainerItemProxy */;
		};
/* End PBXTargetDependency section */

/* Begin XCBuildConfiguration section */
		31B4AD0526237DBB00718C0C /* Debug */ = {
			isa = XCBuildConfiguration;
			buildSettings = {
				ALWAYS_SEARCH_USER_PATHS = NO;
				CLANG_ANALYZER_NONNULL = YES;
				CLANG_ANALYZER_NUMBER_OBJECT_CONVERSION = YES_AGGRESSIVE;
				CLANG_CXX_LANGUAGE_STANDARD = "gnu++14";
				CLANG_CXX_LIBRARY = "libc++";
				CLANG_ENABLE_MODULES = YES;
				CLANG_ENABLE_OBJC_ARC = YES;
				CLANG_ENABLE_OBJC_WEAK = YES;
				CLANG_WARN_BLOCK_CAPTURE_AUTORELEASING = YES;
				CLANG_WARN_BOOL_CONVERSION = YES;
				CLANG_WARN_COMMA = YES;
				CLANG_WARN_CONSTANT_CONVERSION = YES;
				CLANG_WARN_DEPRECATED_OBJC_IMPLEMENTATIONS = YES;
				CLANG_WARN_DIRECT_OBJC_ISA_USAGE = YES_ERROR;
				CLANG_WARN_DOCUMENTATION_COMMENTS = YES;
				CLANG_WARN_EMPTY_BODY = YES;
				CLANG_WARN_ENUM_CONVERSION = YES;
				CLANG_WARN_INFINITE_RECURSION = YES;
				CLANG_WARN_INT_CONVERSION = YES;
				CLANG_WARN_NON_LITERAL_NULL_CONVERSION = YES;
				CLANG_WARN_OBJC_IMPLICIT_RETAIN_SELF = YES;
				CLANG_WARN_OBJC_LITERAL_CONVERSION = YES;
				CLANG_WARN_OBJC_ROOT_CLASS = YES_ERROR;
				CLANG_WARN_QUOTED_INCLUDE_IN_FRAMEWORK_HEADER = YES;
				CLANG_WARN_RANGE_LOOP_ANALYSIS = YES;
				CLANG_WARN_STRICT_PROTOTYPES = YES;
				CLANG_WARN_SUSPICIOUS_MOVE = YES;
				CLANG_WARN_UNGUARDED_AVAILABILITY = YES_AGGRESSIVE;
				CLANG_WARN_UNREACHABLE_CODE = YES;
				CLANG_WARN__DUPLICATE_METHOD_MATCH = YES;
				COPY_PHASE_STRIP = NO;
				DEBUG_INFORMATION_FORMAT = dwarf;
				ENABLE_STRICT_OBJC_MSGSEND = YES;
				ENABLE_TESTABILITY = YES;
				GCC_C_LANGUAGE_STANDARD = gnu11;
				GCC_DYNAMIC_NO_PIC = NO;
				GCC_NO_COMMON_BLOCKS = YES;
				GCC_OPTIMIZATION_LEVEL = 0;
				GCC_PREPROCESSOR_DEFINITIONS = (
					"DEBUG=1",
					"$(inherited)",
				);
				GCC_WARN_64_TO_32_BIT_CONVERSION = YES;
				GCC_WARN_ABOUT_RETURN_TYPE = YES_ERROR;
				GCC_WARN_UNDECLARED_SELECTOR = YES;
				GCC_WARN_UNINITIALIZED_AUTOS = YES_AGGRESSIVE;
				GCC_WARN_UNUSED_FUNCTION = YES;
				GCC_WARN_UNUSED_VARIABLE = YES;
				IPHONEOS_DEPLOYMENT_TARGET = 14.4;
				MTL_ENABLE_DEBUG_INFO = INCLUDE_SOURCE;
				MTL_FAST_MATH = YES;
				ONLY_ACTIVE_ARCH = YES;
				SDKROOT = iphoneos;
				SWIFT_ACTIVE_COMPILATION_CONDITIONS = DEBUG;
				SWIFT_OPTIMIZATION_LEVEL = "-Onone";
			};
			name = Debug;
		};
		31B4AD0626237DBB00718C0C /* Release */ = {
			isa = XCBuildConfiguration;
			buildSettings = {
				ALWAYS_SEARCH_USER_PATHS = NO;
				CLANG_ANALYZER_NONNULL = YES;
				CLANG_ANALYZER_NUMBER_OBJECT_CONVERSION = YES_AGGRESSIVE;
				CLANG_CXX_LANGUAGE_STANDARD = "gnu++14";
				CLANG_CXX_LIBRARY = "libc++";
				CLANG_ENABLE_MODULES = YES;
				CLANG_ENABLE_OBJC_ARC = YES;
				CLANG_ENABLE_OBJC_WEAK = YES;
				CLANG_WARN_BLOCK_CAPTURE_AUTORELEASING = YES;
				CLANG_WARN_BOOL_CONVERSION = YES;
				CLANG_WARN_COMMA = YES;
				CLANG_WARN_CONSTANT_CONVERSION = YES;
				CLANG_WARN_DEPRECATED_OBJC_IMPLEMENTATIONS = YES;
				CLANG_WARN_DIRECT_OBJC_ISA_USAGE = YES_ERROR;
				CLANG_WARN_DOCUMENTATION_COMMENTS = YES;
				CLANG_WARN_EMPTY_BODY = YES;
				CLANG_WARN_ENUM_CONVERSION = YES;
				CLANG_WARN_INFINITE_RECURSION = YES;
				CLANG_WARN_INT_CONVERSION = YES;
				CLANG_WARN_NON_LITERAL_NULL_CONVERSION = YES;
				CLANG_WARN_OBJC_IMPLICIT_RETAIN_SELF = YES;
				CLANG_WARN_OBJC_LITERAL_CONVERSION = YES;
				CLANG_WARN_OBJC_ROOT_CLASS = YES_ERROR;
				CLANG_WARN_QUOTED_INCLUDE_IN_FRAMEWORK_HEADER = YES;
				CLANG_WARN_RANGE_LOOP_ANALYSIS = YES;
				CLANG_WARN_STRICT_PROTOTYPES = YES;
				CLANG_WARN_SUSPICIOUS_MOVE = YES;
				CLANG_WARN_UNGUARDED_AVAILABILITY = YES_AGGRESSIVE;
				CLANG_WARN_UNREACHABLE_CODE = YES;
				CLANG_WARN__DUPLICATE_METHOD_MATCH = YES;
				COPY_PHASE_STRIP = NO;
				DEBUG_INFORMATION_FORMAT = "dwarf-with-dsym";
				ENABLE_NS_ASSERTIONS = NO;
				ENABLE_STRICT_OBJC_MSGSEND = YES;
				GCC_C_LANGUAGE_STANDARD = gnu11;
				GCC_NO_COMMON_BLOCKS = YES;
				GCC_WARN_64_TO_32_BIT_CONVERSION = YES;
				GCC_WARN_ABOUT_RETURN_TYPE = YES_ERROR;
				GCC_WARN_UNDECLARED_SELECTOR = YES;
				GCC_WARN_UNINITIALIZED_AUTOS = YES_AGGRESSIVE;
				GCC_WARN_UNUSED_FUNCTION = YES;
				GCC_WARN_UNUSED_VARIABLE = YES;
				IPHONEOS_DEPLOYMENT_TARGET = 14.4;
				MTL_ENABLE_DEBUG_INFO = NO;
				MTL_FAST_MATH = YES;
				SDKROOT = iphoneos;
				SWIFT_COMPILATION_MODE = wholemodule;
				SWIFT_OPTIMIZATION_LEVEL = "-O";
				VALIDATE_PRODUCT = YES;
			};
			name = Release;
		};
		31B4AD0826237DBB00718C0C /* Debug */ = {
			isa = XCBuildConfiguration;
			buildSettings = {
				ASSETCATALOG_COMPILER_APPICON_NAME = AppIcon;
				ASSETCATALOG_COMPILER_GLOBAL_ACCENT_COLOR_NAME = AccentColor;
				CODE_SIGN_STYLE = Automatic;
				DEVELOPMENT_ASSET_PATHS = "\"Slumber_v2/Preview Content\"";
				DEVELOPMENT_TEAM = 6U3VFSD948;
				ENABLE_PREVIEWS = YES;
				INFOPLIST_FILE = Slumber_v2/Info.plist;
				IPHONEOS_DEPLOYMENT_TARGET = 14.0;
				LD_RUNPATH_SEARCH_PATHS = (
					"$(inherited)",
					"@executable_path/Frameworks",
				);
				PRODUCT_BUNDLE_IDENTIFIER = "student.Slumber-v2";
				PRODUCT_NAME = "$(TARGET_NAME)";
				SWIFT_VERSION = 5.0;
				TARGETED_DEVICE_FAMILY = "1,2";
			};
			name = Debug;
		};
		31B4AD0926237DBB00718C0C /* Release */ = {
			isa = XCBuildConfiguration;
			buildSettings = {
				ASSETCATALOG_COMPILER_APPICON_NAME = AppIcon;
				ASSETCATALOG_COMPILER_GLOBAL_ACCENT_COLOR_NAME = AccentColor;
				CODE_SIGN_STYLE = Automatic;
				DEVELOPMENT_ASSET_PATHS = "\"Slumber_v2/Preview Content\"";
				DEVELOPMENT_TEAM = 6U3VFSD948;
				ENABLE_PREVIEWS = YES;
				INFOPLIST_FILE = Slumber_v2/Info.plist;
				IPHONEOS_DEPLOYMENT_TARGET = 14.0;
				LD_RUNPATH_SEARCH_PATHS = (
					"$(inherited)",
					"@executable_path/Frameworks",
				);
				PRODUCT_BUNDLE_IDENTIFIER = "student.Slumber-v2";
				PRODUCT_NAME = "$(TARGET_NAME)";
				SWIFT_VERSION = 5.0;
				TARGETED_DEVICE_FAMILY = "1,2";
			};
			name = Release;
		};
		31B4AD0B26237DBB00718C0C /* Debug */ = {
			isa = XCBuildConfiguration;
			buildSettings = {
				ALWAYS_EMBED_SWIFT_STANDARD_LIBRARIES = YES;
				BUNDLE_LOADER = "$(TEST_HOST)";
				CODE_SIGN_STYLE = Automatic;
				DEVELOPMENT_TEAM = 6U3VFSD948;
				INFOPLIST_FILE = Slumber_v2Tests/Info.plist;
				IPHONEOS_DEPLOYMENT_TARGET = 14.0;
				LD_RUNPATH_SEARCH_PATHS = (
					"$(inherited)",
					"@executable_path/Frameworks",
					"@loader_path/Frameworks",
				);
				PRODUCT_BUNDLE_IDENTIFIER = "student.Slumber-v2Tests";
				PRODUCT_NAME = "$(TARGET_NAME)";
				SWIFT_VERSION = 5.0;
				TARGETED_DEVICE_FAMILY = "1,2";
				TEST_HOST = "$(BUILT_PRODUCTS_DIR)/Slumber_v2.app/Slumber_v2";
			};
			name = Debug;
		};
		31B4AD0C26237DBB00718C0C /* Release */ = {
			isa = XCBuildConfiguration;
			buildSettings = {
				ALWAYS_EMBED_SWIFT_STANDARD_LIBRARIES = YES;
				BUNDLE_LOADER = "$(TEST_HOST)";
				CODE_SIGN_STYLE = Automatic;
				DEVELOPMENT_TEAM = 6U3VFSD948;
				INFOPLIST_FILE = Slumber_v2Tests/Info.plist;
				IPHONEOS_DEPLOYMENT_TARGET = 14.0;
				LD_RUNPATH_SEARCH_PATHS = (
					"$(inherited)",
					"@executable_path/Frameworks",
					"@loader_path/Frameworks",
				);
				PRODUCT_BUNDLE_IDENTIFIER = "student.Slumber-v2Tests";
				PRODUCT_NAME = "$(TARGET_NAME)";
				SWIFT_VERSION = 5.0;
				TARGETED_DEVICE_FAMILY = "1,2";
				TEST_HOST = "$(BUILT_PRODUCTS_DIR)/Slumber_v2.app/Slumber_v2";
			};
			name = Release;
		};
		31B4AD0E26237DBB00718C0C /* Debug */ = {
			isa = XCBuildConfiguration;
			buildSettings = {
				ALWAYS_EMBED_SWIFT_STANDARD_LIBRARIES = YES;
				CODE_SIGN_STYLE = Automatic;
				DEVELOPMENT_TEAM = 6U3VFSD948;
				INFOPLIST_FILE = Slumber_v2UITests/Info.plist;
				LD_RUNPATH_SEARCH_PATHS = (
					"$(inherited)",
					"@executable_path/Frameworks",
					"@loader_path/Frameworks",
				);
				PRODUCT_BUNDLE_IDENTIFIER = "student.Slumber-v2UITests";
				PRODUCT_NAME = "$(TARGET_NAME)";
				SWIFT_VERSION = 5.0;
				TARGETED_DEVICE_FAMILY = "1,2";
				TEST_TARGET_NAME = Slumber_v2;
			};
			name = Debug;
		};
		31B4AD0F26237DBB00718C0C /* Release */ = {
			isa = XCBuildConfiguration;
			buildSettings = {
				ALWAYS_EMBED_SWIFT_STANDARD_LIBRARIES = YES;
				CODE_SIGN_STYLE = Automatic;
				DEVELOPMENT_TEAM = 6U3VFSD948;
				INFOPLIST_FILE = Slumber_v2UITests/Info.plist;
				LD_RUNPATH_SEARCH_PATHS = (
					"$(inherited)",
					"@executable_path/Frameworks",
					"@loader_path/Frameworks",
				);
				PRODUCT_BUNDLE_IDENTIFIER = "student.Slumber-v2UITests";
				PRODUCT_NAME = "$(TARGET_NAME)";
				SWIFT_VERSION = 5.0;
				TARGETED_DEVICE_FAMILY = "1,2";
				TEST_TARGET_NAME = Slumber_v2;
			};
			name = Release;
		};
/* End XCBuildConfiguration section */

/* Begin XCConfigurationList section */
		31B4ACD826237DBA00718C0C /* Build configuration list for PBXProject "Slumber_v2" */ = {
			isa = XCConfigurationList;
			buildConfigurations = (
				31B4AD0526237DBB00718C0C /* Debug */,
				31B4AD0626237DBB00718C0C /* Release */,
			);
			defaultConfigurationIsVisible = 0;
			defaultConfigurationName = Release;
		};
		31B4AD0726237DBB00718C0C /* Build configuration list for PBXNativeTarget "Slumber_v2" */ = {
			isa = XCConfigurationList;
			buildConfigurations = (
				31B4AD0826237DBB00718C0C /* Debug */,
				31B4AD0926237DBB00718C0C /* Release */,
			);
			defaultConfigurationIsVisible = 0;
			defaultConfigurationName = Release;
		};
		31B4AD0A26237DBB00718C0C /* Build configuration list for PBXNativeTarget "Slumber_v2Tests" */ = {
			isa = XCConfigurationList;
			buildConfigurations = (
				31B4AD0B26237DBB00718C0C /* Debug */,
				31B4AD0C26237DBB00718C0C /* Release */,
			);
			defaultConfigurationIsVisible = 0;
			defaultConfigurationName = Release;
		};
		31B4AD0D26237DBB00718C0C /* Build configuration list for PBXNativeTarget "Slumber_v2UITests" */ = {
			isa = XCConfigurationList;
			buildConfigurations = (
				31B4AD0E26237DBB00718C0C /* Debug */,
				31B4AD0F26237DBB00718C0C /* Release */,
			);
			defaultConfigurationIsVisible = 0;
			defaultConfigurationName = Release;
		};
/* End XCConfigurationList section */

/* Begin XCVersionGroup section */
		31B4ACEB26237DBB00718C0C /* Slumber_v2.xcdatamodeld */ = {
			isa = XCVersionGroup;
			children = (
				31B4ACEC26237DBB00718C0C /* Slumber_v2.xcdatamodel */,
			);
			currentVersion = 31B4ACEC26237DBB00718C0C /* Slumber_v2.xcdatamodel */;
			path = Slumber_v2.xcdatamodeld;
			sourceTree = "<group>";
			versionGroupType = wrapper.xcdatamodel;
		};
/* End XCVersionGroup section */
	};
	rootObject = 31B4ACD526237DBA00718C0C /* Project object */;
}
